<Solution>
  <Folder Name="/src/">
    <Project Path="src/Guara.Abstractions/Guara.Abstractions.csproj" />
    <Project Path="src/Guara.Analyzers/Guara.Analyzers.csproj" />
    <Project Path="src/Guara.Authorization/Guara.Authorization.csproj" />
    <Project Path="src/Guara.Configuration/Guara.Configuration.csproj" />
    <Project Path="src/Guara.Core/Guara.Core.csproj" />
    <Project Path="src/Guara.Dashboard/Guara.Dashboard.csproj" />
    <Project Path="src/Guara.Dashboard.Api/Guara.Dashboard.Api.csproj" />
    <Project Path="src/Guara.Diagnostics/Guara.Diagnostics.csproj" />
    <Project Path="src/Guara.Serialization/Guara.Serialization.csproj" />
    <Project Path="src/Guara.SourceGenerators/Guara.SourceGenerators.csproj" />
    <Project Path="src/Guara.Storage/Guara.Storage.csproj" />
    <Project Path="src/Guara.Storage.Memory/Guara.Storage.Memory.csproj" />
    <Project Path="src/Guara.Storage.PostgreSql/Guara.Storage.PostgreSql.csproj" />
    <Project Path="src/Guara.Storage.SqlServer/Guara.Storage.SqlServer.csproj" />
    <Project Path="src/Guara.Scheduler/Guara.Scheduler.csproj" />
    <Project Path="src/Guara.Dispatcher/Guara.Dispatcher.csproj" />
    <Project Path="src/Guara.Worker/Guara.Worker.csproj" />
    <Project Path="src/Guara.Executor/Guara.Executor.csproj" />
    <Project Path="src/Guara.Hosting/Guara.Hosting.csproj" />
    <Project Path="src/Guara.Server/Guara.Server.csproj" />
  </Folder>
  <Folder Name="/samples/">
    <Project Path="samples/Guara.Host/Guara.Host.csproj" />
  </Folder>
  <Folder Name="/tests/">
    <Project Path="tests/Guara.Analyzers.Tests/Guara.Analyzers.Tests.csproj" />
    <Project Path="tests/Guara.Authorization.Tests/Guara.Authorization.Tests.csproj" />
    <Project Path="tests/Guara.Core.Tests/Guara.Core.Tests.csproj" />
    <Project Path="tests/Guara.Dashboard.Api.Tests/Guara.Dashboard.Api.Tests.csproj" />
    <Project Path="tests/Guara.Dashboard.Tests/Guara.Dashboard.Tests.csproj" />
    <Project Path="tests/Guara.Serialization.Tests/Guara.Serialization.Tests.csproj" />
    <Project Path="tests/Guara.SourceGenerators.Tests/Guara.SourceGenerators.Tests.csproj" />
    <Project Path="tests/Guara.Storage.Conformance/Guara.Storage.Conformance.csproj" />
    <Project Path="tests/Guara.Storage.Memory.Tests/Guara.Storage.Memory.Tests.csproj" />
    <Project Path="tests/Guara.Storage.PostgreSql.Tests/Guara.Storage.PostgreSql.Tests.csproj" />
    <Project Path="tests/Guara.Storage.SqlServer.Tests/Guara.Storage.SqlServer.Tests.csproj" />
    <Project Path="tests/Guara.Scheduler.Tests/Guara.Scheduler.Tests.csproj" />
    <Project Path="tests/Guara.Engines.Tests/Guara.Engines.Tests.csproj" />
    <Project Path="tests/Guara.Hosting.Tests/Guara.Hosting.Tests.csproj" />
  </Folder>
</Solution>
